
Microsoft Visual Studio Solution File, Format Version 12.00
# Visual Studio 15
VisualStudioVersion = 15.0.26124.0
MinimumVisualStudioVersion = 15.0.26124.0
Project("{2150E333-8FDC-42A3-9474-1A3956D46DE8}") = "src", "src", "{4739100E-DCAE-49D3-A1E8-DD1542D58BDB}"
EndProject
Project("{FAE04EC0-301F-11D3-BF4B-00C04F79EFBC}") = "ServiceDesk.Domain", "src\ServiceDesk.Domain\ServiceDesk.Domain.csproj", "{A20200B9-A227-4267-95E8-D71FE3E7555C}"
EndProject
Project("{FAE04EC0-301F-11D3-BF4B-00C04F79EFBC}") = "ServiceDesk.Web", "src\ServiceDesk.Web\ServiceDesk.Web.csproj", "{4DE4C064-72AD-4AC2-8953-84DDBFFB23C7}"
EndProject
Project("{2150E333-8FDC-42A3-9474-1A3956D46DE8}") = "tests", "tests", "{EBE3E9AC-9FC6-4217-957D-97F447430D2D}"
EndProject
Project("{FAE04EC0-301F-11D3-BF4B-00C04F79EFBC}") = "ServiceDesk.IntegrationTests", "tests\ServiceDesk.IntegrationTests\ServiceDesk.IntegrationTests.csproj", "{18DB7FCB-6A99-4A7D-9FDD-917EBAF51725}"
EndProject
Project("{FAE04EC0-301F-11D3-BF4B-00C04F79EFBC}") = "ServiceDesk.UnitTests", "tests\ServiceDesk.UnitTests\ServiceDesk.UnitTests.csproj", "{CD782176-38E5-4B9B-BC20-E4BD0228728A}"
EndProject
Global
	GlobalSection(SolutionConfigurationPlatforms) = preSolution
		Debug|Any CPU = Debug|Any CPU
		Debug|x64 = Debug|x64
		Debug|x86 = Debug|x86
		Release|Any CPU = Release|Any CPU
		Release|x64 = Release|x64
		Release|x86 = Release|x86
	EndGlobalSection
	GlobalSection(SolutionProperties) = preSolution
		HideSolutionNode = FALSE
	EndGlobalSection
	GlobalSection(ProjectConfigurationPlatforms) = postSolution
		{A20200B9-A227-4267-95E8-D71FE3E7555C}.Debug|Any CPU.ActiveCfg = Debug|Any CPU
		{A20200B9-A227-4267-95E8-D71FE3E7555C}.Debug|Any CPU.Build.0 = Debug|Any CPU
		{A20200B9-A227-4267-95E8-D71FE3E7555C}.Debug|x64.ActiveCfg = Debug|Any CPU
		{A20200B9-A227-4267-95E8-D71FE3E7555C}.Debug|x64.Build.0 = Debug|Any CPU
		{A20200B9-A227-4267-95E8-D71FE3E7555C}.Debug|x86.ActiveCfg = Debug|Any CPU
		{A20200B9-A227-4267-95E8-D71FE3E7555C}.Debug|x86.Build.0 = Debug|Any CPU
		{A20200B9-A227-4267-95E8-D71FE3E7555C}.Release|Any CPU.ActiveCfg = Release|Any CPU
		{A20200B9-A227-4267-95E8-D71FE3E7555C}.Release|Any CPU.Build.0 = Release|Any CPU
		{A20200B9-A227-4267-95E8-D71FE3E7555C}.Release|x64.ActiveCfg = Release|Any CPU
		{A20200B9-A227-4267-95E8-D71FE3E7555C}.Release|x64.Build.0 = Release|Any CPU
		{A20200B9-A227-4267-95E8-D71FE3E7555C}.Release|x86.ActiveCfg = Release|Any CPU
		{A20200B9-A227-4267-95E8-D71FE3E7555C}.Release|x86.Build.0 = Release|Any CPU
		{4DE4C064-72AD-4AC2-8953-84DDBFFB23C7}.Debug|Any CPU.ActiveCfg = Debug|Any CPU
		{4DE4C064-72AD-4AC2-8953-84DDBFFB23C7}.Debug|Any CPU.Build.0 = Debug|Any CPU
		{4DE4C064-72AD-4AC2-8953-84DDBFFB23C7}.Debug|x64.ActiveCfg = Debug|Any CPU
		{4DE4C064-72AD-4AC2-8953-84DDBFFB23C7}.Debug|x64.Build.0 = Debug|Any CPU
		{4DE4C064-72AD-4AC2-8953-84DDBFFB23C7}.Debug|x86.ActiveCfg = Debug|Any CPU
		{4DE4C064-72AD-4AC2-8953-84DDBFFB23C7}.Debug|x86.Build.0 = Debug|Any CPU
		{4DE4C064-72AD-4AC2-8953-84DDBFFB23C7}.Release|Any CPU.ActiveCfg = Release|Any CPU
		{4DE4C064-72AD-4AC2-8953-84DDBFFB23C7}.Release|Any CPU.Build.0 = Release|Any CPU
		{4DE4C064-72AD-4AC2-8953-84DDBFFB23C7}.Release|x64.ActiveCfg = Release|Any CPU
		{4DE4C064-72AD-4AC2-8953-84DDBFFB23C7}.Release|x64.Build.0 = Release|Any CPU
		{4DE4C064-72AD-4AC2-8953-84DDBFFB23C7}.Release|x86.ActiveCfg = Release|Any CPU
		{4DE4C064-72AD-4AC2-8953-84DDBFFB23C7}.Release|x86.Build.0 = Release|Any CPU
		{18DB7FCB-6A99-4A7D-9FDD-917EBAF51725}.Debug|Any CPU.ActiveCfg = Debug|Any CPU
		{18DB7FCB-6A99-4A7D-9FDD-917EBAF51725}.Debug|Any CPU.Build.0 = Debug|Any CPU
		{18DB7FCB-6A99-4A7D-9FDD-917EBAF51725}.Debug|x64.ActiveCfg = Debug|Any CPU
		{18DB7FCB-6A99-4A7D-9FDD-917EBAF51725}.Debug|x64.Build.0 = Debug|Any CPU
		{18DB7FCB-6A99-4A7D-9FDD-917EBAF51725}.Debug|x86.ActiveCfg = Debug|Any CPU
		{18DB7FCB-6A99-4A7D-9FDD-917EBAF51725}.Debug|x86.Build.0 = Debug|Any CPU
		{18DB7FCB-6A99-4A7D-9FDD-917EBAF51725}.Release|Any CPU.ActiveCfg = Release|Any CPU
		{18DB7FCB-6A99-4A7D-9FDD-917EBAF51725}.Release|Any CPU.Build.0 = Release|Any CPU
		{18DB7FCB-6A99-4A7D-9FDD-917EBAF51725}.Release|x64.ActiveCfg = Release|Any CPU
		{18DB7FCB-6A99-4A7D-9FDD-917EBAF51725}.Release|x64.Build.0 = Release|Any CPU
		{18DB7FCB-6A99-4A7D-9FDD-917EBAF51725}.Release|x86.ActiveCfg = Release|Any CPU
		{18DB7FCB-6A99-4A7D-9FDD-917EBAF51725}.Release|x86.Build.0 = Release|Any CPU
		{CD782176-38E5-4B9B-BC20-E4BD0228728A}.Debug|Any CPU.ActiveCfg = Debug|Any CPU
		{CD782176-38E5-4B9B-BC20-E4BD0228728A}.Debug|Any CPU.Build.0 = Debug|Any CPU
		{CD782176-38E5-4B9B-BC20-E4BD0228728A}.Debug|x64.ActiveCfg = Debug|Any CPU
		{CD782176-38E5-4B9B-BC20-E4BD0228728A}.Debug|x64.Build.0 = Debug|Any CPU
		{CD782176-38E5-4B9B-BC20-E4BD0228728A}.Debug|x86.ActiveCfg = Debug|Any CPU
		{CD782176-38E5-4B9B-BC20-E4BD0228728A}.Debug|x86.Build.0 = Debug|Any CPU
		{CD782176-38E5-4B9B-BC20-E4BD0228728A}.Release|Any CPU.ActiveCfg = Release|Any CPU
		{CD782176-38E5-4B9B-BC20-E4BD0228728A}.Release|Any CPU.Build.0 = Release|Any CPU
		{CD782176-38E5-4B9B-BC20-E4BD0228728A}.Release|x64.ActiveCfg = Release|Any CPU
		{CD782176-38E5-4B9B-BC20-E4BD0228728A}.Release|x64.Build.0 = Release|Any CPU
		{CD782176-38E5-4B9B-BC20-E4BD0228728A}.Release|x86.ActiveCfg = Release|Any CPU
		{CD782176-38E5-4B9B-BC20-E4BD0228728A}.Release|x86.Build.0 = Release|Any CPU
	EndGlobalSection
	GlobalSection(NestedProjects) = preSolution
		{A20200B9-A227-4267-95E8-D71FE3E7555C} = {4739100E-DCAE-49D3-A1E8-DD1542D58BDB}
		{4DE4C064-72AD-4AC2-8953-84DDBFFB23C7} = {4739100E-DCAE-49D3-A1E8-DD1542D58BDB}
		{18DB7FCB-6A99-4A7D-9FDD-917EBAF51725} = {EBE3E9AC-9FC6-4217-957D-97F447430D2D}
		{CD782176-38E5-4B9B-BC20-E4BD0228728A} = {EBE3E9AC-9FC6-4217-957D-97F447430D2D}
	EndGlobalSection
EndGlobal
